
Microsoft Visual Studio Solution File, Format Version 12.00
# Visual Studio Version 16
VisualStudioVersion = 16.0.31112.23
MinimumVisualStudioVersion = 10.0.40219.1
Project("{9A19103F-16F7-4668-BE54-9A1E7A4F7556}") = "Paint", "Paint\Paint.csproj", "{440A8828-86B7-4301-AB24-946292D7210D}"
EndProject
Project("{FAE04EC0-301F-11D3-BF4B-00C04F79EFBC}") = "Contract", "Contract\Contract.csproj", "{9E88BE4C-E245-4C59-BA42-C27C7DF332B2}"
EndProject
Project("{FAE04EC0-301F-11D3-BF4B-00C04F79EFBC}") = "Line2D", "Line2D\Line2D.csproj", "{4AFD0278-C504-4A8B-973D-F3C53233828E}"
EndProject
Project("{FAE04EC0-301F-11D3-BF4B-00C04F79EFBC}") = "Rectangle2D", "Rectangle2D\Rectangle2D.csproj", "{A1BA8EFA-98B0-4CF0-9F56-31D4A7FD8DC2}"
EndProject
Project("{FAE04EC0-301F-11D3-BF4B-00C04F79EFBC}") = "Ellipse2D", "Ellipse2D\Ellipse2D.csproj", "{507A0428-8CA3-4BF7-B53F-99FFFF0855A4}"
EndProject
Global
	GlobalSection(SolutionConfigurationPlatforms) = preSolution
		Debug|Any CPU = Debug|Any CPU
		Release|Any CPU = Release|Any CPU
	EndGlobalSection
	GlobalSection(ProjectConfigurationPlatforms) = postSolution
		{440A8828-86B7-4301-AB24-946292D7210D}.Debug|Any CPU.ActiveCfg = Debug|Any CPU
		{440A8828-86B7-4301-AB24-946292D7210D}.Debug|Any CPU.Build.0 = Debug|Any CPU
		{440A8828-86B7-4301-AB24-946292D7210D}.Release|Any CPU.ActiveCfg = Release|Any CPU
		{440A8828-86B7-4301-AB24-946292D7210D}.Release|Any CPU.Build.0 = Release|Any CPU
		{9E88BE4C-E245-4C59-BA42-C27C7DF332B2}.Debug|Any CPU.ActiveCfg = Debug|Any CPU
		{9E88BE4C-E245-4C59-BA42-C27C7DF332B2}.Debug|Any CPU.Build.0 = Debug|Any CPU
		{9E88BE4C-E245-4C59-BA42-C27C7DF332B2}.Release|Any CPU.ActiveCfg = Release|Any CPU
		{9E88BE4C-E245-4C59-BA42-C27C7DF332B2}.Release|Any CPU.Build.0 = Release|Any CPU
		{4AFD0278-C504-4A8B-973D-F3C53233828E}.Debug|Any CPU.ActiveCfg = Debug|Any CPU
		{4AFD0278-C504-4A8B-973D-F3C53233828E}.Debug|Any CPU.Build.0 = Debug|Any CPU
		{4AFD0278-C504-4A8B-973D-F3C53233828E}.Release|Any CPU.ActiveCfg = Release|Any CPU
		{4AFD0278-C504-4A8B-973D-F3C53233828E}.Release|Any CPU.Build.0 = Release|Any CPU
		{A1BA8EFA-98B0-4CF0-9F56-31D4A7FD8DC2}.Debug|Any CPU.ActiveCfg = Debug|Any CPU
		{A1BA8EFA-98B0-4CF0-9F56-31D4A7FD8DC2}.Debug|Any CPU.Build.0 = Debug|Any CPU
		{A1BA8EFA-98B0-4CF0-9F56-31D4A7FD8DC2}.Release|Any CPU.ActiveCfg = Release|Any CPU
		{A1BA8EFA-98B0-4CF0-9F56-31D4A7FD8DC2}.Release|Any CPU.Build.0 = Release|Any CPU
		{507A0428-8CA3-4BF7-B53F-99FFFF0855A4}.Debug|Any CPU.ActiveCfg = Debug|Any CPU
		{507A0428-8CA3-4BF7-B53F-99FFFF0855A4}.Debug|Any CPU.Build.0 = Debug|Any CPU
		{507A0428-8CA3-4BF7-B53F-99FFFF0855A4}.Release|Any CPU.ActiveCfg = Release|Any CPU
		{507A0428-8CA3-4BF7-B53F-99FFFF0855A4}.Release|Any CPU.Build.0 = Release|Any CPU
	EndGlobalSection
	GlobalSection(SolutionProperties) = preSolution
		HideSolutionNode = FALSE
	EndGlobalSection
	GlobalSection(ExtensibilityGlobals) = postSolution
		SolutionGuid = {BFBDE978-37EB-4084-9FDE-D5FE318DA842}
	EndGlobalSection
EndGlobal
